{
  "version": 4,
  "terraform_version": "1.12.2",
  "serial": 30,
  "lineage": "de312aaf-a4ca-7e91-96a5-50797b1ae514",
  "outputs": {
    "cluster_certificate_authority_data": {
      "value": "LS0tLS1CRUdJTiBDRVJUSUZJQ0FURS0tLS0tCk1JSURCVENDQWUyZ0F3SUJBZ0lJUmZWcVR3Y29wMHN3RFFZSktvWklodmNOQVFFTEJRQXdGVEVUTUJFR0ExVUUKQXhNS2EzVmlaWEp1WlhSbGN6QWVGdzB5TlRBMk1qUXhOVEEyTkRKYUZ3MHpOVEEyTWpJeE5URXhOREphTUJVeApFekFSQmdOVkJBTVRDbXQxWW1WeWJtVjBaWE13Z2dFaU1BMEdDU3FHU0liM0RRRUJBUVVBQTRJQkR3QXdnZ0VLCkFvSUJBUURRS3I1dWxmVG1NZjF4enFqa05VRFlVYUFqR096UWIrR3l3empnMUNTOW5TSmhnS21Ic2JJRlkveGQKRTc2OWs0ZzYxdkpZZVJSb0I1NmRHOVM2WmV4TUhFSnJTcjJSNGhDT1pvT0dvSUFNdzFSWm1qZ0xOT3pBSDZwUAo5NzdTMEFmckVyTkhaZ0NXVmFxUzRMYmIwYlJVTDZxT2RJTTRHTGlld2t2Qzl5ZzdrbmhWV1NpOGtiOXJEYTNGCll6dDVzMEJzRkpEWWpFVE9YNWd3dzNwdWlFRk9JWjRWc1F4YUp2dXlYeEg0Mll4K2pTbnZXb1BCaTRWNW5oR2EKWXRUVnpFUDJkblIyS1JFSFFsbG5JUEFPQUZsQzNVNnlrWVVBNEVMTzVIL25yMURqUWJDOGppUGUyWGtIQlpCNQpDYTVneE11RTI0TnpsMDFsL2V2VC84alJTbi9uQWdNQkFBR2pXVEJYTUE0R0ExVWREd0VCL3dRRUF3SUNwREFQCkJnTlZIUk1CQWY4RUJUQURBUUgvTUIwR0ExVWREZ1FXQkJSVVdqbk5ta3hBZkUwTWM4M29EcEVpMUVvNG56QVYKQmdOVkhSRUVEakFNZ2dwcmRXSmxjbTVsZEdWek1BMEdDU3FHU0liM0RRRUJDd1VBQTRJQkFRQUFxNTlhSWtPZApNU3FwRUNoKzBWbUZaVWtrVWxjd1A0QmRiNXRSTTJTdnBhMFdrbUpoSHNaSUw3YUlCZ2ZETkh1NVZrNWtIZ3EzCnRPNnRXNnEzdEFwMDRxcFhTUlpDY3hSUmE5clR2UHZFRHAwYmJDOWlmK3gvTnZYbDZKOW9lQkRCVTlkNDdwU2gKenNibVpoOUlad3A0WUNwWXhIamZOVjlVZGo5VTlXbUlMVlJEd1dZNTRreHNvcGI2Sk9qZ1RtalRENUdSdk5iVQpGSHpLMmxQYXRISWFUTzlLaGNtdmx6dkhyNlB5UFl2ZktLckszd25ZbmNsb3dZWkpTak1DK2hsdjhGRC9KRnhFCkRhSHBsekdQampQeEI4Mm9uOSt2WlVwcHhPUW9tRVRVUE13dU9GdXc5VG5jTERVL1duSFVnSS9LSDBaaTMyY0oKU3V2OUxMbkV5U0tRCi0tLS0tRU5EIENFUlRJRklDQVRFLS0tLS0K",
      "type": "string"
    },
    "cluster_endpoint": {
      "value": "https://DE4C9016FB457DBF405255D1F12E9642.gr7.us-east-1.eks.amazonaws.com",
      "type": "string"
    },
    "cluster_name": {
      "value": "devops-eks-portfolio-cluster",
      "type": "string"
    },
    "fargate_profile_name": {
      "value": "devops-eks-fargate-profile-devops",
      "type": "string"
    }
  },
  "resources": [
    {
      "mode": "data",
      "type": "aws_availability_zones",
      "name": "available",
      "provider": "provider[\"registry.terraform.io/hashicorp/aws\"]",
      "instances": [
        {
          "schema_version": 0,
          "attributes": {
            "all_availability_zones": null,
            "exclude_names": null,
            "exclude_zone_ids": null,
            "filter": null,
            "group_names": [
              "us-east-1-zg-1"
            ],
            "id": "us-east-1",
            "names": [
              "us-east-1a",
              "us-east-1b",
              "us-east-1c",
              "us-east-1d",
              "us-east-1e",
              "us-east-1f"
            ],
            "region": "us-east-1",
            "state": null,
            "timeouts": null,
            "zone_ids": [
              "use1-az6",
              "use1-az1",
              "use1-az2",
              "use1-az4",
              "use1-az3",
              "use1-az5"
            ]
          },
          "sensitive_attributes": [],
          "identity_schema_version": 0
        }
      ]
    },
    {
      "mode": "managed",
      "type": "aws_eip",
      "name": "nat",
      "provider": "provider[\"registry.terraform.io/hashicorp/aws\"]",
      "instances": [
        {
          "schema_version": 0,
          "attributes": {
            "address": null,
            "allocation_id": "eipalloc-01ef085c43a312c91",
            "arn": "arn:aws:ec2:us-east-1:984082054935:elastic-ip/eipalloc-01ef085c43a312c91",
            "associate_with_private_ip": null,
            "association_id": "eipassoc-06146496b58a09c4a",
            "carrier_ip": "",
            "customer_owned_ip": "",
            "customer_owned_ipv4_pool": "",
            "domain": "vpc",
            "id": "eipalloc-01ef085c43a312c91",
            "instance": "",
            "ipam_pool_id": null,
            "network_border_group": "us-east-1",
            "network_interface": "eni-0741a62d9cfdef44c",
            "private_dns": "ip-10-0-0-105.ec2.internal",
            "private_ip": "10.0.0.105",
            "ptr_record": "",
            "public_dns": "ec2-52-45-139-17.compute-1.amazonaws.com",
            "public_ip": "52.45.139.17",
            "public_ipv4_pool": "amazon",
            "region": "us-east-1",
            "tags": {
              "Name": "devops-eks-nat-eip"
            },
            "tags_all": {
              "Name": "devops-eks-nat-eip"
            },
            "timeouts": null
          },
          "sensitive_attributes": [],
          "identity_schema_version": 0,
          "private": "eyJlMmJmYjczMC1lY2FhLTExZTYtOGY4OC0zNDM2M2JjN2M0YzAiOnsiZGVsZXRlIjoxODAwMDAwMDAwMDAsInJlYWQiOjkwMDAwMDAwMDAwMCwidXBkYXRlIjozMDAwMDAwMDAwMDB9fQ=="
        }
      ]
    },
    {
      "mode": "managed",
      "type": "aws_eks_cluster",
      "name": "main",
      "provider": "provider[\"registry.terraform.io/hashicorp/aws\"]",
      "instances": [
        {
          "schema_version": 1,
          "attributes": {
            "access_config": [
              {
                "authentication_mode": "CONFIG_MAP",
                "bootstrap_cluster_creator_admin_permissions": true
              }
            ],
            "arn": "arn:aws:eks:us-east-1:984082054935:cluster/devops-eks-portfolio-cluster",
            "bootstrap_self_managed_addons": true,
            "certificate_authority": [
              {
                "data": "LS0tLS1CRUdJTiBDRVJUSUZJQ0FURS0tLS0tCk1JSURCVENDQWUyZ0F3SUJBZ0lJUmZWcVR3Y29wMHN3RFFZSktvWklodmNOQVFFTEJRQXdGVEVUTUJFR0ExVUUKQXhNS2EzVmlaWEp1WlhSbGN6QWVGdzB5TlRBMk1qUXhOVEEyTkRKYUZ3MHpOVEEyTWpJeE5URXhOREphTUJVeApFekFSQmdOVkJBTVRDbXQxWW1WeWJtVjBaWE13Z2dFaU1BMEdDU3FHU0liM0RRRUJBUVVBQTRJQkR3QXdnZ0VLCkFvSUJBUURRS3I1dWxmVG1NZjF4enFqa05VRFlVYUFqR096UWIrR3l3empnMUNTOW5TSmhnS21Ic2JJRlkveGQKRTc2OWs0ZzYxdkpZZVJSb0I1NmRHOVM2WmV4TUhFSnJTcjJSNGhDT1pvT0dvSUFNdzFSWm1qZ0xOT3pBSDZwUAo5NzdTMEFmckVyTkhaZ0NXVmFxUzRMYmIwYlJVTDZxT2RJTTRHTGlld2t2Qzl5ZzdrbmhWV1NpOGtiOXJEYTNGCll6dDVzMEJzRkpEWWpFVE9YNWd3dzNwdWlFRk9JWjRWc1F4YUp2dXlYeEg0Mll4K2pTbnZXb1BCaTRWNW5oR2EKWXRUVnpFUDJkblIyS1JFSFFsbG5JUEFPQUZsQzNVNnlrWVVBNEVMTzVIL25yMURqUWJDOGppUGUyWGtIQlpCNQpDYTVneE11RTI0TnpsMDFsL2V2VC84alJTbi9uQWdNQkFBR2pXVEJYTUE0R0ExVWREd0VCL3dRRUF3SUNwREFQCkJnTlZIUk1CQWY4RUJUQURBUUgvTUIwR0ExVWREZ1FXQkJSVVdqbk5ta3hBZkUwTWM4M29EcEVpMUVvNG56QVYKQmdOVkhSRUVEakFNZ2dwcmRXSmxjbTVsZEdWek1BMEdDU3FHU0liM0RRRUJDd1VBQTRJQkFRQUFxNTlhSWtPZApNU3FwRUNoKzBWbUZaVWtrVWxjd1A0QmRiNXRSTTJTdnBhMFdrbUpoSHNaSUw3YUlCZ2ZETkh1NVZrNWtIZ3EzCnRPNnRXNnEzdEFwMDRxcFhTUlpDY3hSUmE5clR2UHZFRHAwYmJDOWlmK3gvTnZYbDZKOW9lQkRCVTlkNDdwU2gKenNibVpoOUlad3A0WUNwWXhIamZOVjlVZGo5VTlXbUlMVlJEd1dZNTRreHNvcGI2Sk9qZ1RtalRENUdSdk5iVQpGSHpLMmxQYXRISWFUTzlLaGNtdmx6dkhyNlB5UFl2ZktLckszd25ZbmNsb3dZWkpTak1DK2hsdjhGRC9KRnhFCkRhSHBsekdQampQeEI4Mm9uOSt2WlVwcHhPUW9tRVRVUE13dU9GdXc5VG5jTERVL1duSFVnSS9LSDBaaTMyY0oKU3V2OUxMbkV5U0tRCi0tLS0tRU5EIENFUlRJRklDQVRFLS0tLS0K"
              }
            ],
            "cluster_id": null,
            "compute_config": [],
            "created_at": "2025-06-24T15:07:04Z",
            "enabled_cluster_log_types": [],
            "encryption_config": [],
            "endpoint": "https://DE4C9016FB457DBF405255D1F12E9642.gr7.us-east-1.eks.amazonaws.com",
            "force_update_version": null,
            "id": "devops-eks-portfolio-cluster",
            "identity": [
              {
                "oidc": [
                  {
                    "issuer": "https://oidc.eks.us-east-1.amazonaws.com/id/DE4C9016FB457DBF405255D1F12E9642"
                  }
                ]
              }
            ],
            "kubernetes_network_config": [
              {
                "elastic_load_balancing": [
                  {
                    "enabled": false
                  }
                ],
                "ip_family": "ipv4",
                "service_ipv4_cidr": "172.20.0.0/16",
                "service_ipv6_cidr": ""
              }
            ],
            "name": "devops-eks-portfolio-cluster",
            "outpost_config": [],
            "platform_version": "eks.12",
            "region": "us-east-1",
            "remote_network_config": [],
            "role_arn": "arn:aws:iam::984082054935:role/devops-eks-eks-cluster-role",
            "status": "ACTIVE",
            "storage_config": [],
            "tags": {},
            "tags_all": {},
            "timeouts": null,
            "upgrade_policy": [
              {
                "support_type": "EXTENDED"
              }
            ],
            "version": "1.32",
            "vpc_config": [
              {
                "cluster_security_group_id": "sg-01e885d4b8a9a7d10",
                "endpoint_private_access": false,
                "endpoint_public_access": true,
                "public_access_cidrs": [
                  "0.0.0.0/0"
                ],
                "security_group_ids": [],
                "subnet_ids": [
                  "subnet-000409e7468fe7404",
                  "subnet-00af4a78575f6a754"
                ],
                "vpc_id": "vpc-00bf1abc5dd02ff1c"
              }
            ],
            "zonal_shift_config": []
          },
          "sensitive_attributes": [],
          "identity_schema_version": 0,
          "private": "eyJlMmJmYjczMC1lY2FhLTExZTYtOGY4OC0zNDM2M2JjN2M0YzAiOnsiY3JlYXRlIjoxODAwMDAwMDAwMDAwLCJkZWxldGUiOjkwMDAwMDAwMDAwMCwidXBkYXRlIjozNjAwMDAwMDAwMDAwfSwic2NoZW1hX3ZlcnNpb24iOiIxIn0=",
          "dependencies": [
            "aws_iam_role.eks_cluster",
            "aws_iam_role_policy_attachment.eks_cluster_attach",
            "aws_subnet.private",
            "aws_vpc.main",
            "data.aws_availability_zones.available"
          ]
        }
      ]
    },
    {
      "mode": "managed",
      "type": "aws_eks_fargate_profile",
      "name": "argocd",
      "provider": "provider[\"registry.terraform.io/hashicorp/aws\"]",
      "instances": [
        {
          "schema_version": 0,
          "attributes": {
            "arn": "arn:aws:eks:us-east-1:984082054935:fargateprofile/devops-eks-portfolio-cluster/devops-eks-fargate-profile-argocd/96cbd15f-4264-db59-1edf-fd0afcd60717",
            "cluster_name": "devops-eks-portfolio-cluster",
            "fargate_profile_name": "devops-eks-fargate-profile-argocd",
            "id": "devops-eks-portfolio-cluster:devops-eks-fargate-profile-argocd",
            "pod_execution_role_arn": "arn:aws:iam::984082054935:role/devops-eks-fargate-role",
            "region": "us-east-1",
            "selector": [
              {
                "labels": null,
                "namespace": "argocd"
              }
            ],
            "status": "ACTIVE",
            "subnet_ids": [
              "subnet-000409e7468fe7404",
              "subnet-00af4a78575f6a754"
            ],
            "tags": {
              "Name": "devops-eks-fargate-profile-argocd"
            },
            "tags_all": {
              "Name": "devops-eks-fargate-profile-argocd"
            },
            "timeouts": null
          },
          "sensitive_attributes": [],
          "identity_schema_version": 0,
          "private": "eyJlMmJmYjczMC1lY2FhLTExZTYtOGY4OC0zNDM2M2JjN2M0YzAiOnsiY3JlYXRlIjo2MDAwMDAwMDAwMDAsImRlbGV0ZSI6NjAwMDAwMDAwMDAwfX0=",
          "dependencies": [
            "aws_eks_cluster.main",
            "aws_iam_role.eks_cluster",
            "aws_iam_role.fargate_execution",
            "aws_iam_role_policy_attachment.eks_cluster_attach",
            "aws_iam_role_policy_attachment.fargate_attach",
            "aws_subnet.private",
            "aws_vpc.main",
            "data.aws_availability_zones.available"
          ]
        }
      ]
    },
    {
      "mode": "managed",
      "type": "aws_eks_fargate_profile",
      "name": "devops",
      "provider": "provider[\"registry.terraform.io/hashicorp/aws\"]",
      "instances": [
        {
          "schema_version": 0,
          "attributes": {
            "arn": "arn:aws:eks:us-east-1:984082054935:fargateprofile/devops-eks-portfolio-cluster/devops-eks-fargate-profile-devops/decbd15f-23fe-a0d5-a306-dfcccf3f48c5",
            "cluster_name": "devops-eks-portfolio-cluster",
            "fargate_profile_name": "devops-eks-fargate-profile-devops",
            "id": "devops-eks-portfolio-cluster:devops-eks-fargate-profile-devops",
            "pod_execution_role_arn": "arn:aws:iam::984082054935:role/devops-eks-fargate-role",
            "region": "us-east-1",
            "selector": [
              {
                "labels": null,
                "namespace": "default"
              }
            ],
            "status": "ACTIVE",
            "subnet_ids": [
              "subnet-000409e7468fe7404",
              "subnet-00af4a78575f6a754"
            ],
            "tags": null,
            "tags_all": {},
            "timeouts": null
          },
          "sensitive_attributes": [],
          "identity_schema_version": 0,
          "private": "eyJlMmJmYjczMC1lY2FhLTExZTYtOGY4OC0zNDM2M2JjN2M0YzAiOnsiY3JlYXRlIjo2MDAwMDAwMDAwMDAsImRlbGV0ZSI6NjAwMDAwMDAwMDAwfX0=",
          "dependencies": [
            "aws_eks_cluster.main",
            "aws_iam_role.eks_cluster",
            "aws_iam_role.fargate_execution",
            "aws_iam_role_policy_attachment.eks_cluster_attach",
            "aws_iam_role_policy_attachment.fargate_attach",
            "aws_subnet.private",
            "aws_vpc.main",
            "data.aws_availability_zones.available"
          ]
        }
      ]
    },
    {
      "mode": "managed",
      "type": "aws_iam_role",
      "name": "eks_cluster",
      "provider": "provider[\"registry.terraform.io/hashicorp/aws\"]",
      "instances": [
        {
          "schema_version": 0,
          "attributes": {
            "arn": "arn:aws:iam::984082054935:role/devops-eks-eks-cluster-role",
            "assume_role_policy": "{\"Statement\":[{\"Action\":\"sts:AssumeRole\",\"Effect\":\"Allow\",\"Principal\":{\"Service\":\"eks.amazonaws.com\"}}],\"Version\":\"2012-10-17\"}",
            "create_date": "2025-06-24T15:06:47Z",
            "description": "",
            "force_detach_policies": false,
            "id": "devops-eks-eks-cluster-role",
            "inline_policy": [],
            "managed_policy_arns": [
              "arn:aws:iam::aws:policy/AmazonEKSClusterPolicy"
            ],
            "max_session_duration": 3600,
            "name": "devops-eks-eks-cluster-role",
            "name_prefix": "",
            "path": "/",
            "permissions_boundary": "",
            "tags": {},
            "tags_all": {},
            "unique_id": "AROA6KH64P4LVEXG7B3YS"
          },
          "sensitive_attributes": [],
          "identity_schema_version": 0,
          "identity": {
            "account_id": "984082054935",
            "name": "devops-eks-eks-cluster-role"
          },
          "private": "bnVsbA=="
        }
      ]
    },
    {
      "mode": "managed",
      "type": "aws_iam_role",
      "name": "fargate_execution",
      "provider": "provider[\"registry.terraform.io/hashicorp/aws\"]",
      "instances": [
        {
          "schema_version": 0,
          "attributes": {
            "arn": "arn:aws:iam::984082054935:role/devops-eks-fargate-role",
            "assume_role_policy": "{\"Statement\":[{\"Action\":\"sts:AssumeRole\",\"Effect\":\"Allow\",\"Principal\":{\"Service\":\"eks-fargate-pods.amazonaws.com\"}}],\"Version\":\"2012-10-17\"}",
            "create_date": "2025-06-24T15:06:47Z",
            "description": "",
            "force_detach_policies": false,
            "id": "devops-eks-fargate-role",
            "inline_policy": [],
            "managed_policy_arns": [
              "arn:aws:iam::aws:policy/AmazonEKSFargatePodExecutionRolePolicy"
            ],
            "max_session_duration": 3600,
            "name": "devops-eks-fargate-role",
            "name_prefix": "",
            "path": "/",
            "permissions_boundary": "",
            "tags": {},
            "tags_all": {},
            "unique_id": "AROA6KH64P4L6UDMWDWXO"
          },
          "sensitive_attributes": [],
          "identity_schema_version": 0,
          "identity": {
            "account_id": "984082054935",
            "name": "devops-eks-fargate-role"
          },
          "private": "bnVsbA=="
        }
      ]
    },
    {
      "mode": "managed",
      "type": "aws_iam_role_policy_attachment",
      "name": "eks_cluster_attach",
      "provider": "provider[\"registry.terraform.io/hashicorp/aws\"]",
      "instances": [
        {
          "schema_version": 0,
          "attributes": {
            "id": "devops-eks-eks-cluster-role-20250624150648303800000001",
            "policy_arn": "arn:aws:iam::aws:policy/AmazonEKSClusterPolicy",
            "role": "devops-eks-eks-cluster-role"
          },
          "sensitive_attributes": [],
          "identity_schema_version": 0,
          "private": "bnVsbA==",
          "dependencies": [
            "aws_iam_role.eks_cluster"
          ]
        }
      ]
    },
    {
      "mode": "managed",
      "type": "aws_iam_role_policy_attachment",
      "name": "fargate_attach",
      "provider": "provider[\"registry.terraform.io/hashicorp/aws\"]",
      "instances": [
        {
          "schema_version": 0,
          "attributes": {
            "id": "devops-eks-fargate-role-20250624150648397400000002",
            "policy_arn": "arn:aws:iam::aws:policy/AmazonEKSFargatePodExecutionRolePolicy",
            "role": "devops-eks-fargate-role"
          },
          "sensitive_attributes": [],
          "identity_schema_version": 0,
          "private": "bnVsbA==",
          "dependencies": [
            "aws_iam_role.fargate_execution"
          ]
        }
      ]
    },
    {
      "mode": "managed",
      "type": "aws_internet_gateway",
      "name": "gw",
      "provider": "provider[\"registry.terraform.io/hashicorp/aws\"]",
      "instances": [
        {
          "schema_version": 0,
          "attributes": {
            "arn": "arn:aws:ec2:us-east-1:984082054935:internet-gateway/igw-088bab225be4c0423",
            "id": "igw-088bab225be4c0423",
            "owner_id": "984082054935",
            "region": "us-east-1",
            "tags": {
              "Name": "devops-eks-igw"
            },
            "tags_all": {
              "Name": "devops-eks-igw"
            },
            "timeouts": null,
            "vpc_id": "vpc-00bf1abc5dd02ff1c"
          },
          "sensitive_attributes": [],
          "identity_schema_version": 0,
          "private": "eyJlMmJmYjczMC1lY2FhLTExZTYtOGY4OC0zNDM2M2JjN2M0YzAiOnsiY3JlYXRlIjoxMjAwMDAwMDAwMDAwLCJkZWxldGUiOjEyMDAwMDAwMDAwMDAsInVwZGF0ZSI6MTIwMDAwMDAwMDAwMH19",
          "dependencies": [
            "aws_vpc.main"
          ]
        }
      ]
    },
    {
      "mode": "managed",
      "type": "aws_nat_gateway",
      "name": "nat",
      "provider": "provider[\"registry.terraform.io/hashicorp/aws\"]",
      "instances": [
        {
          "schema_version": 0,
          "attributes": {
            "allocation_id": "eipalloc-01ef085c43a312c91",
            "association_id": "eipassoc-06146496b58a09c4a",
            "connectivity_type": "public",
            "id": "nat-020374dd05f87e82d",
            "network_interface_id": "eni-0741a62d9cfdef44c",
            "private_ip": "10.0.0.105",
            "public_ip": "52.45.139.17",
            "region": "us-east-1",
            "secondary_allocation_ids": [],
            "secondary_private_ip_address_count": 0,
            "secondary_private_ip_addresses": [],
            "subnet_id": "subnet-0f3a7cdcd898edb7e",
            "tags": {
              "Name": "devops-eks-nat"
            },
            "tags_all": {
              "Name": "devops-eks-nat"
            },
            "timeouts": null
          },
          "sensitive_attributes": [],
          "identity_schema_version": 0,
          "private": "eyJlMmJmYjczMC1lY2FhLTExZTYtOGY4OC0zNDM2M2JjN2M0YzAiOnsiY3JlYXRlIjo2MDAwMDAwMDAwMDAsImRlbGV0ZSI6MTgwMDAwMDAwMDAwMCwidXBkYXRlIjo2MDAwMDAwMDAwMDB9fQ==",
          "dependencies": [
            "aws_eip.nat",
            "aws_subnet.public",
            "aws_vpc.main",
            "data.aws_availability_zones.available"
          ]
        }
      ]
    },
    {
      "mode": "managed",
      "type": "aws_route_table",
      "name": "private",
      "provider": "provider[\"registry.terraform.io/hashicorp/aws\"]",
      "instances": [
        {
          "schema_version": 0,
          "attributes": {
            "arn": "arn:aws:ec2:us-east-1:984082054935:route-table/rtb-0403a458151ee0e68",
            "id": "rtb-0403a458151ee0e68",
            "owner_id": "984082054935",
            "propagating_vgws": [],
            "region": "us-east-1",
            "route": [
              {
                "carrier_gateway_id": "",
                "cidr_block": "0.0.0.0/0",
                "core_network_arn": "",
                "destination_prefix_list_id": "",
                "egress_only_gateway_id": "",
                "gateway_id": "",
                "ipv6_cidr_block": "",
                "local_gateway_id": "",
                "nat_gateway_id": "nat-020374dd05f87e82d",
                "network_interface_id": "",
                "transit_gateway_id": "",
                "vpc_endpoint_id": "",
                "vpc_peering_connection_id": ""
              }
            ],
            "tags": {
              "Name": "devops-eks-private-rt"
            },
            "tags_all": {
              "Name": "devops-eks-private-rt"
            },
            "timeouts": null,
            "vpc_id": "vpc-00bf1abc5dd02ff1c"
          },
          "sensitive_attributes": [],
          "identity_schema_version": 0,
          "private": "eyJlMmJmYjczMC1lY2FhLTExZTYtOGY4OC0zNDM2M2JjN2M0YzAiOnsiY3JlYXRlIjozMDAwMDAwMDAwMDAsImRlbGV0ZSI6MzAwMDAwMDAwMDAwLCJ1cGRhdGUiOjEyMDAwMDAwMDAwMH19",
          "dependencies": [
            "aws_eip.nat",
            "aws_nat_gateway.nat",
            "aws_subnet.public",
            "aws_vpc.main",
            "data.aws_availability_zones.available"
          ]
        }
      ]
    },
    {
      "mode": "managed",
      "type": "aws_route_table",
      "name": "public",
      "provider": "provider[\"registry.terraform.io/hashicorp/aws\"]",
      "instances": [
        {
          "schema_version": 0,
          "attributes": {
            "arn": "arn:aws:ec2:us-east-1:984082054935:route-table/rtb-05ce9cabb9602f7dc",
            "id": "rtb-05ce9cabb9602f7dc",
            "owner_id": "984082054935",
            "propagating_vgws": [],
            "region": "us-east-1",
            "route": [
              {
                "carrier_gateway_id": "",
                "cidr_block": "0.0.0.0/0",
                "core_network_arn": "",
                "destination_prefix_list_id": "",
                "egress_only_gateway_id": "",
                "gateway_id": "igw-088bab225be4c0423",
                "ipv6_cidr_block": "",
                "local_gateway_id": "",
                "nat_gateway_id": "",
                "network_interface_id": "",
                "transit_gateway_id": "",
                "vpc_endpoint_id": "",
                "vpc_peering_connection_id": ""
              }
            ],
            "tags": {
              "Name": "devops-eks-public-rt"
            },
            "tags_all": {
              "Name": "devops-eks-public-rt"
            },
            "timeouts": null,
            "vpc_id": "vpc-00bf1abc5dd02ff1c"
          },
          "sensitive_attributes": [],
          "identity_schema_version": 0,
          "private": "eyJlMmJmYjczMC1lY2FhLTExZTYtOGY4OC0zNDM2M2JjN2M0YzAiOnsiY3JlYXRlIjozMDAwMDAwMDAwMDAsImRlbGV0ZSI6MzAwMDAwMDAwMDAwLCJ1cGRhdGUiOjEyMDAwMDAwMDAwMH19",
          "dependencies": [
            "aws_internet_gateway.gw",
            "aws_vpc.main"
          ]
        }
      ]
    },
    {
      "mode": "managed",
      "type": "aws_route_table_association",
      "name": "private",
      "provider": "provider[\"registry.terraform.io/hashicorp/aws\"]",
      "instances": [
        {
          "index_key": 0,
          "schema_version": 0,
          "attributes": {
            "gateway_id": "",
            "id": "rtbassoc-0ae14bfb07f397a59",
            "region": "us-east-1",
            "route_table_id": "rtb-0403a458151ee0e68",
            "subnet_id": "subnet-000409e7468fe7404",
            "timeouts": null
          },
          "sensitive_attributes": [],
          "identity_schema_version": 0,
          "private": "eyJlMmJmYjczMC1lY2FhLTExZTYtOGY4OC0zNDM2M2JjN2M0YzAiOnsiY3JlYXRlIjozMDAwMDAwMDAwMDAsImRlbGV0ZSI6MzAwMDAwMDAwMDAwLCJ1cGRhdGUiOjEyMDAwMDAwMDAwMH19",
          "dependencies": [
            "aws_eip.nat",
            "aws_nat_gateway.nat",
            "aws_route_table.private",
            "aws_subnet.private",
            "aws_subnet.public",
            "aws_vpc.main",
            "data.aws_availability_zones.available"
          ]
        },
        {
          "index_key": 1,
          "schema_version": 0,
          "attributes": {
            "gateway_id": "",
            "id": "rtbassoc-07ce6565fa77f7a9c",
            "region": "us-east-1",
            "route_table_id": "rtb-0403a458151ee0e68",
            "subnet_id": "subnet-00af4a78575f6a754",
            "timeouts": null
          },
          "sensitive_attributes": [],
          "identity_schema_version": 0,
          "private": "eyJlMmJmYjczMC1lY2FhLTExZTYtOGY4OC0zNDM2M2JjN2M0YzAiOnsiY3JlYXRlIjozMDAwMDAwMDAwMDAsImRlbGV0ZSI6MzAwMDAwMDAwMDAwLCJ1cGRhdGUiOjEyMDAwMDAwMDAwMH19",
          "dependencies": [
            "aws_eip.nat",
            "aws_nat_gateway.nat",
            "aws_route_table.private",
            "aws_subnet.private",
            "aws_subnet.public",
            "aws_vpc.main",
            "data.aws_availability_zones.available"
          ]
        }
      ]
    },
    {
      "mode": "managed",
      "type": "aws_route_table_association",
      "name": "public",
      "provider": "provider[\"registry.terraform.io/hashicorp/aws\"]",
      "instances": [
        {
          "index_key": 0,
          "schema_version": 0,
          "attributes": {
            "gateway_id": "",
            "id": "rtbassoc-04ba3405c137e64bf",
            "region": "us-east-1",
            "route_table_id": "rtb-05ce9cabb9602f7dc",
            "subnet_id": "subnet-0f3a7cdcd898edb7e",
            "timeouts": null
          },
          "sensitive_attributes": [],
          "identity_schema_version": 0,
          "private": "eyJlMmJmYjczMC1lY2FhLTExZTYtOGY4OC0zNDM2M2JjN2M0YzAiOnsiY3JlYXRlIjozMDAwMDAwMDAwMDAsImRlbGV0ZSI6MzAwMDAwMDAwMDAwLCJ1cGRhdGUiOjEyMDAwMDAwMDAwMH19",
          "dependencies": [
            "aws_internet_gateway.gw",
            "aws_route_table.public",
            "aws_subnet.public",
            "aws_vpc.main",
            "data.aws_availability_zones.available"
          ]
        },
        {
          "index_key": 1,
          "schema_version": 0,
          "attributes": {
            "gateway_id": "",
            "id": "rtbassoc-018787162497b46d6",
            "region": "us-east-1",
            "route_table_id": "rtb-05ce9cabb9602f7dc",
            "subnet_id": "subnet-0628088127a4e2fce",
            "timeouts": null
          },
          "sensitive_attributes": [],
          "identity_schema_version": 0,
          "private": "eyJlMmJmYjczMC1lY2FhLTExZTYtOGY4OC0zNDM2M2JjN2M0YzAiOnsiY3JlYXRlIjozMDAwMDAwMDAwMDAsImRlbGV0ZSI6MzAwMDAwMDAwMDAwLCJ1cGRhdGUiOjEyMDAwMDAwMDAwMH19",
          "dependencies": [
            "aws_internet_gateway.gw",
            "aws_route_table.public",
            "aws_subnet.public",
            "aws_vpc.main",
            "data.aws_availability_zones.available"
          ]
        }
      ]
    },
    {
      "mode": "managed",
      "type": "aws_subnet",
      "name": "private",
      "provider": "provider[\"registry.terraform.io/hashicorp/aws\"]",
      "instances": [
        {
          "index_key": 0,
          "schema_version": 1,
          "attributes": {
            "arn": "arn:aws:ec2:us-east-1:984082054935:subnet/subnet-000409e7468fe7404",
            "assign_ipv6_address_on_creation": false,
            "availability_zone": "us-east-1a",
            "availability_zone_id": "use1-az6",
            "cidr_block": "10.0.2.0/24",
            "customer_owned_ipv4_pool": "",
            "enable_dns64": false,
            "enable_lni_at_device_index": 0,
            "enable_resource_name_dns_a_record_on_launch": false,
            "enable_resource_name_dns_aaaa_record_on_launch": false,
            "id": "subnet-000409e7468fe7404",
            "ipv6_cidr_block": "",
            "ipv6_cidr_block_association_id": "",
            "ipv6_native": false,
            "map_customer_owned_ip_on_launch": false,
            "map_public_ip_on_launch": false,
            "outpost_arn": "",
            "owner_id": "984082054935",
            "private_dns_hostname_type_on_launch": "ip-name",
            "region": "us-east-1",
            "tags": {
              "Name": "devops-eks-private-subnet-0"
            },
            "tags_all": {
              "Name": "devops-eks-private-subnet-0"
            },
            "timeouts": null,
            "vpc_id": "vpc-00bf1abc5dd02ff1c"
          },
          "sensitive_attributes": [],
          "identity_schema_version": 0,
          "private": "eyJlMmJmYjczMC1lY2FhLTExZTYtOGY4OC0zNDM2M2JjN2M0YzAiOnsiY3JlYXRlIjo2MDAwMDAwMDAwMDAsImRlbGV0ZSI6MTIwMDAwMDAwMDAwMH0sInNjaGVtYV92ZXJzaW9uIjoiMSJ9",
          "dependencies": [
            "aws_vpc.main",
            "data.aws_availability_zones.available"
          ]
        },
        {
          "index_key": 1,
          "schema_version": 1,
          "attributes": {
            "arn": "arn:aws:ec2:us-east-1:984082054935:subnet/subnet-00af4a78575f6a754",
            "assign_ipv6_address_on_creation": false,
            "availability_zone": "us-east-1b",
            "availability_zone_id": "use1-az1",
            "cidr_block": "10.0.3.0/24",
            "customer_owned_ipv4_pool": "",
            "enable_dns64": false,
            "enable_lni_at_device_index": 0,
            "enable_resource_name_dns_a_record_on_launch": false,
            "enable_resource_name_dns_aaaa_record_on_launch": false,
            "id": "subnet-00af4a78575f6a754",
            "ipv6_cidr_block": "",
            "ipv6_cidr_block_association_id": "",
            "ipv6_native": false,
            "map_customer_owned_ip_on_launch": false,
            "map_public_ip_on_launch": false,
            "outpost_arn": "",
            "owner_id": "984082054935",
            "private_dns_hostname_type_on_launch": "ip-name",
            "region": "us-east-1",
            "tags": {
              "Name": "devops-eks-private-subnet-1"
            },
            "tags_all": {
              "Name": "devops-eks-private-subnet-1"
            },
            "timeouts": null,
            "vpc_id": "vpc-00bf1abc5dd02ff1c"
          },
          "sensitive_attributes": [],
          "identity_schema_version": 0,
          "private": "eyJlMmJmYjczMC1lY2FhLTExZTYtOGY4OC0zNDM2M2JjN2M0YzAiOnsiY3JlYXRlIjo2MDAwMDAwMDAwMDAsImRlbGV0ZSI6MTIwMDAwMDAwMDAwMH0sInNjaGVtYV92ZXJzaW9uIjoiMSJ9",
          "dependencies": [
            "aws_vpc.main",
            "data.aws_availability_zones.available"
          ]
        }
      ]
    },
    {
      "mode": "managed",
      "type": "aws_subnet",
      "name": "public",
      "provider": "provider[\"registry.terraform.io/hashicorp/aws\"]",
      "instances": [
        {
          "index_key": 0,
          "schema_version": 1,
          "attributes": {
            "arn": "arn:aws:ec2:us-east-1:984082054935:subnet/subnet-0f3a7cdcd898edb7e",
            "assign_ipv6_address_on_creation": false,
            "availability_zone": "us-east-1a",
            "availability_zone_id": "use1-az6",
            "cidr_block": "10.0.0.0/24",
            "customer_owned_ipv4_pool": "",
            "enable_dns64": false,
            "enable_lni_at_device_index": 0,
            "enable_resource_name_dns_a_record_on_launch": false,
            "enable_resource_name_dns_aaaa_record_on_launch": false,
            "id": "subnet-0f3a7cdcd898edb7e",
            "ipv6_cidr_block": "",
            "ipv6_cidr_block_association_id": "",
            "ipv6_native": false,
            "map_customer_owned_ip_on_launch": false,
            "map_public_ip_on_launch": true,
            "outpost_arn": "",
            "owner_id": "984082054935",
            "private_dns_hostname_type_on_launch": "ip-name",
            "region": "us-east-1",
            "tags": {
              "Name": "devops-eks-public-subnet-0"
            },
            "tags_all": {
              "Name": "devops-eks-public-subnet-0"
            },
            "timeouts": null,
            "vpc_id": "vpc-00bf1abc5dd02ff1c"
          },
          "sensitive_attributes": [],
          "identity_schema_version": 0,
          "private": "eyJlMmJmYjczMC1lY2FhLTExZTYtOGY4OC0zNDM2M2JjN2M0YzAiOnsiY3JlYXRlIjo2MDAwMDAwMDAwMDAsImRlbGV0ZSI6MTIwMDAwMDAwMDAwMH0sInNjaGVtYV92ZXJzaW9uIjoiMSJ9",
          "dependencies": [
            "aws_vpc.main",
            "data.aws_availability_zones.available"
          ]
        },
        {
          "index_key": 1,
          "schema_version": 1,
          "attributes": {
            "arn": "arn:aws:ec2:us-east-1:984082054935:subnet/subnet-0628088127a4e2fce",
            "assign_ipv6_address_on_creation": false,
            "availability_zone": "us-east-1b",
            "availability_zone_id": "use1-az1",
            "cidr_block": "10.0.1.0/24",
            "customer_owned_ipv4_pool": "",
            "enable_dns64": false,
            "enable_lni_at_device_index": 0,
            "enable_resource_name_dns_a_record_on_launch": false,
            "enable_resource_name_dns_aaaa_record_on_launch": false,
            "id": "subnet-0628088127a4e2fce",
            "ipv6_cidr_block": "",
            "ipv6_cidr_block_association_id": "",
            "ipv6_native": false,
            "map_customer_owned_ip_on_launch": false,
            "map_public_ip_on_launch": true,
            "outpost_arn": "",
            "owner_id": "984082054935",
            "private_dns_hostname_type_on_launch": "ip-name",
            "region": "us-east-1",
            "tags": {
              "Name": "devops-eks-public-subnet-1"
            },
            "tags_all": {
              "Name": "devops-eks-public-subnet-1"
            },
            "timeouts": null,
            "vpc_id": "vpc-00bf1abc5dd02ff1c"
          },
          "sensitive_attributes": [],
          "identity_schema_version": 0,
          "private": "eyJlMmJmYjczMC1lY2FhLTExZTYtOGY4OC0zNDM2M2JjN2M0YzAiOnsiY3JlYXRlIjo2MDAwMDAwMDAwMDAsImRlbGV0ZSI6MTIwMDAwMDAwMDAwMH0sInNjaGVtYV92ZXJzaW9uIjoiMSJ9",
          "dependencies": [
            "aws_vpc.main",
            "data.aws_availability_zones.available"
          ]
        }
      ]
    },
    {
      "mode": "managed",
      "type": "aws_vpc",
      "name": "main",
      "provider": "provider[\"registry.terraform.io/hashicorp/aws\"]",
      "instances": [
        {
          "schema_version": 1,
          "attributes": {
            "arn": "arn:aws:ec2:us-east-1:984082054935:vpc/vpc-00bf1abc5dd02ff1c",
            "assign_generated_ipv6_cidr_block": false,
            "cidr_block": "10.0.0.0/16",
            "default_network_acl_id": "acl-0928522410d6c8ff8",
            "default_route_table_id": "rtb-08c1e71b82513bcc2",
            "default_security_group_id": "sg-09025099fa7f11031",
            "dhcp_options_id": "dopt-ea544591",
            "enable_dns_hostnames": true,
            "enable_dns_support": true,
            "enable_network_address_usage_metrics": false,
            "id": "vpc-00bf1abc5dd02ff1c",
            "instance_tenancy": "default",
            "ipv4_ipam_pool_id": null,
            "ipv4_netmask_length": null,
            "ipv6_association_id": "",
            "ipv6_cidr_block": "",
            "ipv6_cidr_block_network_border_group": "",
            "ipv6_ipam_pool_id": "",
            "ipv6_netmask_length": 0,
            "main_route_table_id": "rtb-08c1e71b82513bcc2",
            "owner_id": "984082054935",
            "region": "us-east-1",
            "tags": {
              "Name": "devops-eks-vpc"
            },
            "tags_all": {
              "Name": "devops-eks-vpc"
            }
          },
          "sensitive_attributes": [],
          "identity_schema_version": 0,
          "private": "eyJzY2hlbWFfdmVyc2lvbiI6IjEifQ=="
        }
      ]
    }
  ],
  "check_results": null
}
